# THIS IS AN AUTOGENERATED FILE. DO NOT EDIT THIS FILE DIRECTLY.
# yarn lockfile v1


iconv-lite@^0.4.19:
  version "0.4.19"
  resolved "https://registry.yarnpkg.com/iconv-lite/-/iconv-lite-0.4.19.tgz#f7468f60135f5e5dad3399c0a81be9a1603a082b"

prettier@^1.7.0:
  version "1.7.0"
  resolved "https://registry.yarnpkg.com/prettier/-/prettier-1.7.0.tgz#47481588f41f7c90f63938feb202ac82554e7150"
